// !$*UTF8*$!
{
	archiveVersion = 1;
	classes = {
	};
	objectVersion = 55;
	objects = {

/* Begin PBXBuildFile section */
		763D82F92965635200BFAB63 /* AppDelegate.swift in Sources */ = {isa = PBXBuildFile; fileRef = 763D82F82965635200BFAB63 /* AppDelegate.swift */; };
		763D82FB2965635200BFAB63 /* SceneDelegate.swift in Sources */ = {isa = PBXBuildFile; fileRef = 763D82FA2965635200BFAB63 /* SceneDelegate.swift */; };
		763D82FD2965635200BFAB63 /* ViewController.swift in Sources */ = {isa = PBXBuildFile; fileRef = 763D82FC2965635200BFAB63 /* ViewController.swift */; };
		763D83002965635200BFAB63 /* Main.storyboard in Resources */ = {isa = PBXBuildFile; fileRef = 763D82FE2965635200BFAB63 /* Main.storyboard */; };
		763D83022965635400BFAB63 /* Assets.xcassets in Resources */ = {isa = PBXBuildFile; fileRef = 763D83012965635400BFAB63 /* Assets.xcassets */; };
		763D83052965635400BFAB63 /* LaunchScreen.storyboard in Resources */ = {isa = PBXBuildFile; fileRef = 763D83032965635400BFAB63 /* LaunchScreen.storyboard */; };
		76A878DC2966754D00595B7E /* SystemUtil.swift in Sources */ = {isa = PBXBuildFile; fileRef = 76A878DB2966754D00595B7E /* SystemUtil.swift */; };
		76A878DE2966758100595B7E /* AlertUtil.swift in Sources */ = {isa = PBXBuildFile; fileRef = 76A878DD2966758100595B7E /* AlertUtil.swift */; };
		76A878E0296681EB00595B7E /* DataManager.swift in Sources */ = {isa = PBXBuildFile; fileRef = 76A878DF296681EB00595B7E /* DataManager.swift */; };
		76A878E42966971500595B7E /* RestaurantVO.swift in Sources */ = {isa = PBXBuildFile; fileRef = 76A878E32966971500595B7E /* RestaurantVO.swift */; };
		76A878E72966B2C400595B7E /* RecordViewController.swift in Sources */ = {isa = PBXBuildFile; fileRef = 76A878E52966B2C400595B7E /* RecordViewController.swift */; };
		76A878E82966B2C400595B7E /* RecordViewController.xib in Resources */ = {isa = PBXBuildFile; fileRef = 76A878E62966B2C400595B7E /* RecordViewController.xib */; };
		76A878EB2966B2DC00595B7E /* RestViewController.swift in Sources */ = {isa = PBXBuildFile; fileRef = 76A878E92966B2DC00595B7E /* RestViewController.swift */; };
		76A878EC2966B2DC00595B7E /* RestViewController.xib in Resources */ = {isa = PBXBuildFile; fileRef = 76A878EA2966B2DC00595B7E /* RestViewController.xib */; };
		76A878F6296A7AEA00595B7E /* RestTableViewCell.swift in Sources */ = {isa = PBXBuildFile; fileRef = 76A878F4296A7AEA00595B7E /* RestTableViewCell.swift */; };
		76A878F7296A7AEA00595B7E /* RestTableViewCell.xib in Resources */ = {isa = PBXBuildFile; fileRef = 76A878F5296A7AEA00595B7E /* RestTableViewCell.xib */; };
		76A878FA296BEA5D00595B7E /* RestMapViewController.swift in Sources */ = {isa = PBXBuildFile; fileRef = 76A878F8296BEA5D00595B7E /* RestMapViewController.swift */; };
		76A878FB296BEA5D00595B7E /* RestMapViewController.xib in Resources */ = {isa = PBXBuildFile; fileRef = 76A878F9296BEA5D00595B7E /* RestMapViewController.xib */; };
		76A878FE296D39A400595B7E /* RecordTableViewCell.swift in Sources */ = {isa = PBXBuildFile; fileRef = 76A878FC296D39A400595B7E /* RecordTableViewCell.swift */; };
		76A878FF296D39A400595B7E /* RecordTableViewCell.xib in Resources */ = {isa = PBXBuildFile; fileRef = 76A878FD296D39A400595B7E /* RecordTableViewCell.xib */; };
		76A87901296D48D300595B7E /* ObjectSavableError.swift in Sources */ = {isa = PBXBuildFile; fileRef = 76A87900296D48D300595B7E /* ObjectSavableError.swift */; };
		76A87903296D493100595B7E /* SaveItemVO.swift in Sources */ = {isa = PBXBuildFile; fileRef = 76A87902296D493100595B7E /* SaveItemVO.swift */; };
		D889F2650C460B54F76B8EC6 /* Pods_WherEat.framework in Frameworks */ = {isa = PBXBuildFile; fileRef = C2DB2F297FA75DD8E51BAF73 /* Pods_WherEat.framework */; };
/* End PBXBuildFile section */

/* Begin PBXFileReference section */
		763D82F52965635200BFAB63 /* WherEat.app */ = {isa = PBXFileReference; explicitFileType = wrapper.application; includeInIndex = 0; path = WherEat.app; sourceTree = BUILT_PRODUCTS_DIR; };
		763D82F82965635200BFAB63 /* AppDelegate.swift */ = {isa = PBXFileReference; lastKnownFileType = sourcecode.swift; path = AppDelegate.swift; sourceTree = "<group>"; };
		763D82FA2965635200BFAB63 /* SceneDelegate.swift */ = {isa = PBXFileReference; lastKnownFileType = sourcecode.swift; path = SceneDelegate.swift; sourceTree = "<group>"; };
		763D82FC2965635200BFAB63 /* ViewController.swift */ = {isa = PBXFileReference; lastKnownFileType = sourcecode.swift; path = ViewController.swift; sourceTree = "<group>"; };
		763D82FF2965635200BFAB63 /* Base */ = {isa = PBXFileReference; lastKnownFileType = file.storyboard; name = Base; path = Base.lproj/Main.storyboard; sourceTree = "<group>"; };
		763D83012965635400BFAB63 /* Assets.xcassets */ = {isa = PBXFileReference; lastKnownFileType = folder.assetcatalog; path = Assets.xcassets; sourceTree = "<group>"; };
		763D83042965635400BFAB63 /* Base */ = {isa = PBXFileReference; lastKnownFileType = file.storyboard; name = Base; path = Base.lproj/LaunchScreen.storyboard; sourceTree = "<group>"; };
		763D83062965635400BFAB63 /* Info.plist */ = {isa = PBXFileReference; lastKnownFileType = text.plist.xml; path = Info.plist; sourceTree = "<group>"; };
		76A878DB2966754D00595B7E /* SystemUtil.swift */ = {isa = PBXFileReference; lastKnownFileType = sourcecode.swift; path = SystemUtil.swift; sourceTree = "<group>"; };
		76A878DD2966758100595B7E /* AlertUtil.swift */ = {isa = PBXFileReference; lastKnownFileType = sourcecode.swift; path = AlertUtil.swift; sourceTree = "<group>"; };
		76A878DF296681EB00595B7E /* DataManager.swift */ = {isa = PBXFileReference; lastKnownFileType = sourcecode.swift; path = DataManager.swift; sourceTree = "<group>"; };
		76A878E32966971500595B7E /* RestaurantVO.swift */ = {isa = PBXFileReference; lastKnownFileType = sourcecode.swift; path = RestaurantVO.swift; sourceTree = "<group>"; };
		76A878E52966B2C400595B7E /* RecordViewController.swift */ = {isa = PBXFileReference; lastKnownFileType = sourcecode.swift; path = RecordViewController.swift; sourceTree = "<group>"; };
		76A878E62966B2C400595B7E /* RecordViewController.xib */ = {isa = PBXFileReference; lastKnownFileType = file.xib; path = RecordViewController.xib; sourceTree = "<group>"; };
		76A878E92966B2DC00595B7E /* RestViewController.swift */ = {isa = PBXFileReference; lastKnownFileType = sourcecode.swift; path = RestViewController.swift; sourceTree = "<group>"; };
		76A878EA2966B2DC00595B7E /* RestViewController.xib */ = {isa = PBXFileReference; lastKnownFileType = file.xib; path = RestViewController.xib; sourceTree = "<group>"; };
		76A878F4296A7AEA00595B7E /* RestTableViewCell.swift */ = {isa = PBXFileReference; lastKnownFileType = sourcecode.swift; path = RestTableViewCell.swift; sourceTree = "<group>"; };
		76A878F5296A7AEA00595B7E /* RestTableViewCell.xib */ = {isa = PBXFileReference; lastKnownFileType = file.xib; path = RestTableViewCell.xib; sourceTree = "<group>"; };
		76A878F8296BEA5D00595B7E /* RestMapViewController.swift */ = {isa = PBXFileReference; lastKnownFileType = sourcecode.swift; path = RestMapViewController.swift; sourceTree = "<group>"; };
		76A878F9296BEA5D00595B7E /* RestMapViewController.xib */ = {isa = PBXFileReference; lastKnownFileType = file.xib; path = RestMapViewController.xib; sourceTree = "<group>"; };
		76A878FC296D39A400595B7E /* RecordTableViewCell.swift */ = {isa = PBXFileReference; lastKnownFileType = sourcecode.swift; path = RecordTableViewCell.swift; sourceTree = "<group>"; };
		76A878FD296D39A400595B7E /* RecordTableViewCell.xib */ = {isa = PBXFileReference; lastKnownFileType = file.xib; path = RecordTableViewCell.xib; sourceTree = "<group>"; };
		76A87900296D48D300595B7E /* ObjectSavableError.swift */ = {isa = PBXFileReference; lastKnownFileType = sourcecode.swift; path = ObjectSavableError.swift; sourceTree = "<group>"; };
		76A87902296D493100595B7E /* SaveItemVO.swift */ = {isa = PBXFileReference; lastKnownFileType = sourcecode.swift; path = SaveItemVO.swift; sourceTree = "<group>"; };
		76FC5DC1EF30475FBF1EBBA8 /* Pods-WherEat.release.xcconfig */ = {isa = PBXFileReference; includeInIndex = 1; lastKnownFileType = text.xcconfig; name = "Pods-WherEat.release.xcconfig"; path = "Target Support Files/Pods-WherEat/Pods-WherEat.release.xcconfig"; sourceTree = "<group>"; };
		BBFB2BF69AC6F8A0C74FDDDC /* Pods-WherEat.debug.xcconfig */ = {isa = PBXFileReference; includeInIndex = 1; lastKnownFileType = text.xcconfig; name = "Pods-WherEat.debug.xcconfig"; path = "Target Support Files/Pods-WherEat/Pods-WherEat.debug.xcconfig"; sourceTree = "<group>"; };
		C2DB2F297FA75DD8E51BAF73 /* Pods_WherEat.framework */ = {isa = PBXFileReference; explicitFileType = wrapper.framework; includeInIndex = 0; path = Pods_WherEat.framework; sourceTree = BUILT_PRODUCTS_DIR; };
/* End PBXFileReference section */

/* Begin PBXFrameworksBuildPhase section */
		763D82F22965635200BFAB63 /* Frameworks */ = {
			isa = PBXFrameworksBuildPhase;
			buildActionMask = 2147483647;
			files = (
				D889F2650C460B54F76B8EC6 /* Pods_WherEat.framework in Frameworks */,
			);
			runOnlyForDeploymentPostprocessing = 0;
		};
/* End PBXFrameworksBuildPhase section */

/* Begin PBXGroup section */
		6FE17A286E11785C844E03D3 /* Pods */ = {
			isa = PBXGroup;
			children = (
				BBFB2BF69AC6F8A0C74FDDDC /* Pods-WherEat.debug.xcconfig */,
				76FC5DC1EF30475FBF1EBBA8 /* Pods-WherEat.release.xcconfig */,
			);
			path = Pods;
			sourceTree = "<group>";
		};
		763D82EC2965635200BFAB63 = {
			isa = PBXGroup;
			children = (
				76A878D829666D5100595B7E /* Model */,
				76A878D729666D4700595B7E /* Util */,
				763D82F72965635200BFAB63 /* WherEat */,
				763D82F62965635200BFAB63 /* Products */,
				6FE17A286E11785C844E03D3 /* Pods */,
				9AB9D421200925F8EB2242F6 /* Frameworks */,
			);
			sourceTree = "<group>";
		};
		763D82F62965635200BFAB63 /* Products */ = {
			isa = PBXGroup;
			children = (
				763D82F52965635200BFAB63 /* WherEat.app */,
			);
			name = Products;
			sourceTree = "<group>";
		};
		763D82F72965635200BFAB63 /* WherEat */ = {
			isa = PBXGroup;
			children = (
				76A878DA29666DAA00595B7E /* RecordView */,
				76A878D929666D8500595B7E /* RestView */,
				763D82F82965635200BFAB63 /* AppDelegate.swift */,
				763D82FA2965635200BFAB63 /* SceneDelegate.swift */,
				763D82FC2965635200BFAB63 /* ViewController.swift */,
				763D82FE2965635200BFAB63 /* Main.storyboard */,
				763D83012965635400BFAB63 /* Assets.xcassets */,
				763D83032965635400BFAB63 /* LaunchScreen.storyboard */,
				763D83062965635400BFAB63 /* Info.plist */,
			);
			path = WherEat;
			sourceTree = "<group>";
		};
		76A878D729666D4700595B7E /* Util */ = {
			isa = PBXGroup;
			children = (
				76A878DB2966754D00595B7E /* SystemUtil.swift */,
				76A878DD2966758100595B7E /* AlertUtil.swift */,
				76A878DF296681EB00595B7E /* DataManager.swift */,
			);
			path = Util;
			sourceTree = "<group>";
		};
		76A878D829666D5100595B7E /* Model */ = {
			isa = PBXGroup;
			children = (
				76A878E32966971500595B7E /* RestaurantVO.swift */,
				76A87900296D48D300595B7E /* ObjectSavableError.swift */,
				76A87902296D493100595B7E /* SaveItemVO.swift */,
			);
			path = Model;
			sourceTree = "<group>";
		};
		76A878D929666D8500595B7E /* RestView */ = {
			isa = PBXGroup;
			children = (
				76A878F2296A7A9500595B7E /* Cell */,
				76A878E92966B2DC00595B7E /* RestViewController.swift */,
				76A878EA2966B2DC00595B7E /* RestViewController.xib */,
				76A878F8296BEA5D00595B7E /* RestMapViewController.swift */,
				76A878F9296BEA5D00595B7E /* RestMapViewController.xib */,
			);
			path = RestView;
			sourceTree = "<group>";
		};
		76A878DA29666DAA00595B7E /* RecordView */ = {
			isa = PBXGroup;
			children = (
				76A878F3296A7AB800595B7E /* Cell */,
				76A878E52966B2C400595B7E /* RecordViewController.swift */,
				76A878E62966B2C400595B7E /* RecordViewController.xib */,
			);
			path = RecordView;
			sourceTree = "<group>";
		};
		76A878F2296A7A9500595B7E /* Cell */ = {
			isa = PBXGroup;
			children = (
				76A878F4296A7AEA00595B7E /* RestTableViewCell.swift */,
				76A878F5296A7AEA00595B7E /* RestTableViewCell.xib */,
			);
			path = Cell;
			sourceTree = "<group>";
		};
		76A878F3296A7AB800595B7E /* Cell */ = {
			isa = PBXGroup;
			children = (
				76A878FC296D39A400595B7E /* RecordTableViewCell.swift */,
				76A878FD296D39A400595B7E /* RecordTableViewCell.xib */,
			);
			path = Cell;
			sourceTree = "<group>";
		};
		9AB9D421200925F8EB2242F6 /* Frameworks */ = {
			isa = PBXGroup;
			children = (
				C2DB2F297FA75DD8E51BAF73 /* Pods_WherEat.framework */,
			);
			name = Frameworks;
			sourceTree = "<group>";
		};
/* End PBXGroup section */

/* Begin PBXNativeTarget section */
		763D82F42965635200BFAB63 /* WherEat */ = {
			isa = PBXNativeTarget;
			buildConfigurationList = 763D83092965635400BFAB63 /* Build configuration list for PBXNativeTarget "WherEat" */;
			buildPhases = (
				45CCD788F416885117FBE405 /* [CP] Check Pods Manifest.lock */,
				763D82F12965635200BFAB63 /* Sources */,
				763D82F22965635200BFAB63 /* Frameworks */,
				763D82F32965635200BFAB63 /* Resources */,
				0723BD70368E90DD78A5B91A /* [CP] Embed Pods Frameworks */,
				0753ABA145A9299DE9E5268E /* [CP] Copy Pods Resources */,
			);
			buildRules = (
			);
			dependencies = (
			);
			name = WherEat;
			productName = WherEat;
			productReference = 763D82F52965635200BFAB63 /* WherEat.app */;
			productType = "com.apple.product-type.application";
		};
/* End PBXNativeTarget section */

/* Begin PBXProject section */
		763D82ED2965635200BFAB63 /* Project object */ = {
			isa = PBXProject;
			attributes = {
				BuildIndependentTargetsInParallel = 1;
				LastSwiftUpdateCheck = 1320;
				LastUpgradeCheck = 1320;
				TargetAttributes = {
					763D82F42965635200BFAB63 = {
						CreatedOnToolsVersion = 13.2.1;
					};
				};
			};
			buildConfigurationList = 763D82F02965635200BFAB63 /* Build configuration list for PBXProject "WherEat" */;
			compatibilityVersion = "Xcode 13.0";
			developmentRegion = en;
			hasScannedForEncodings = 0;
			knownRegions = (
				en,
				Base,
			);
			mainGroup = 763D82EC2965635200BFAB63;
			productRefGroup = 763D82F62965635200BFAB63 /* Products */;
			projectDirPath = "";
			projectRoot = "";
			targets = (
				763D82F42965635200BFAB63 /* WherEat */,
			);
		};
/* End PBXProject section */

/* Begin PBXResourcesBuildPhase section */
		763D82F32965635200BFAB63 /* Resources */ = {
			isa = PBXResourcesBuildPhase;
			buildActionMask = 2147483647;
			files = (
				76A878F7296A7AEA00595B7E /* RestTableViewCell.xib in Resources */,
				763D83052965635400BFAB63 /* LaunchScreen.storyboard in Resources */,
				76A878FF296D39A400595B7E /* RecordTableViewCell.xib in Resources */,
				763D83022965635400BFAB63 /* Assets.xcassets in Resources */,
				76A878EC2966B2DC00595B7E /* RestViewController.xib in Resources */,
				76A878FB296BEA5D00595B7E /* RestMapViewController.xib in Resources */,
				763D83002965635200BFAB63 /* Main.storyboard in Resources */,
				76A878E82966B2C400595B7E /* RecordViewController.xib in Resources */,
			);
			runOnlyForDeploymentPostprocessing = 0;
		};
/* End PBXResourcesBuildPhase section */

/* Begin PBXShellScriptBuildPhase section */
		0723BD70368E90DD78A5B91A /* [CP] Embed Pods Frameworks */ = {
			isa = PBXShellScriptBuildPhase;
			buildActionMask = 2147483647;
			files = (
			);
			inputFileListPaths = (
				"${PODS_ROOT}/Target Support Files/Pods-WherEat/Pods-WherEat-frameworks-${CONFIGURATION}-input-files.xcfilelist",
			);
			name = "[CP] Embed Pods Frameworks";
			outputFileListPaths = (
				"${PODS_ROOT}/Target Support Files/Pods-WherEat/Pods-WherEat-frameworks-${CONFIGURATION}-output-files.xcfilelist",
			);
			runOnlyForDeploymentPostprocessing = 0;
			shellPath = /bin/sh;
			shellScript = "\"${PODS_ROOT}/Target Support Files/Pods-WherEat/Pods-WherEat-frameworks.sh\"\n";
			showEnvVarsInLog = 0;
		};
		0753ABA145A9299DE9E5268E /* [CP] Copy Pods Resources */ = {
			isa = PBXShellScriptBuildPhase;
			buildActionMask = 2147483647;
			files = (
			);
			inputFileListPaths = (
				"${PODS_ROOT}/Target Support Files/Pods-WherEat/Pods-WherEat-resources-${CONFIGURATION}-input-files.xcfilelist",
			);
			name = "[CP] Copy Pods Resources";
			outputFileListPaths = (
				"${PODS_ROOT}/Target Support Files/Pods-WherEat/Pods-WherEat-resources-${CONFIGURATION}-output-files.xcfilelist",
			);
			runOnlyForDeploymentPostprocessing = 0;
			shellPath = /bin/sh;
			shellScript = "\"${PODS_ROOT}/Target Support Files/Pods-WherEat/Pods-WherEat-resources.sh\"\n";
			showEnvVarsInLog = 0;
		};
		45CCD788F416885117FBE405 /* [CP] Check Pods Manifest.lock */ = {
			isa = PBXShellScriptBuildPhase;
			buildActionMask = 2147483647;
			files = (
			);
			inputFileListPaths = (
			);
			inputPaths = (
				"${PODS_PODFILE_DIR_PATH}/Podfile.lock",
				"${PODS_ROOT}/Manifest.lock",
			);
			name = "[CP] Check Pods Manifest.lock";
			outputFileListPaths = (
			);
			outputPaths = (
				"$(DERIVED_FILE_DIR)/Pods-WherEat-checkManifestLockResult.txt",
			);
			runOnlyForDeploymentPostprocessing = 0;
			shellPath = /bin/sh;
			shellScript = "diff \"${PODS_PODFILE_DIR_PATH}/Podfile.lock\" \"${PODS_ROOT}/Manifest.lock\" > /dev/null\nif [ $? != 0 ] ; then\n    # print error to STDERR\n    echo \"error: The sandbox is not in sync with the Podfile.lock. Run 'pod install' or update your CocoaPods installation.\" >&2\n    exit 1\nfi\n# This output is used by Xcode 'outputs' to avoid re-running this script phase.\necho \"SUCCESS\" > \"${SCRIPT_OUTPUT_FILE_0}\"\n";
			showEnvVarsInLog = 0;
		};
/* End PBXShellScriptBuildPhase section */

/* Begin PBXSourcesBuildPhase section */
		763D82F12965635200BFAB63 /* Sources */ = {
			isa = PBXSourcesBuildPhase;
			buildActionMask = 2147483647;
			files = (
				763D82FD2965635200BFAB63 /* ViewController.swift in Sources */,
				76A878EB2966B2DC00595B7E /* RestViewController.swift in Sources */,
				76A87903296D493100595B7E /* SaveItemVO.swift in Sources */,
				76A878FE296D39A400595B7E /* RecordTableViewCell.swift in Sources */,
				76A878E0296681EB00595B7E /* DataManager.swift in Sources */,
				76A878E42966971500595B7E /* RestaurantVO.swift in Sources */,
				76A878FA296BEA5D00595B7E /* RestMapViewController.swift in Sources */,
				76A878E72966B2C400595B7E /* RecordViewController.swift in Sources */,
				76A87901296D48D300595B7E /* ObjectSavableError.swift in Sources */,
				763D82F92965635200BFAB63 /* AppDelegate.swift in Sources */,
				76A878F6296A7AEA00595B7E /* RestTableViewCell.swift in Sources */,
				76A878DC2966754D00595B7E /* SystemUtil.swift in Sources */,
				76A878DE2966758100595B7E /* AlertUtil.swift in Sources */,
				763D82FB2965635200BFAB63 /* SceneDelegate.swift in Sources */,
			);
			runOnlyForDeploymentPostprocessing = 0;
		};
/* End PBXSourcesBuildPhase section */

/* Begin PBXVariantGroup section */
		763D82FE2965635200BFAB63 /* Main.storyboard */ = {
			isa = PBXVariantGroup;
			children = (
				763D82FF2965635200BFAB63 /* Base */,
			);
			name = Main.storyboard;
			sourceTree = "<group>";
		};
		763D83032965635400BFAB63 /* LaunchScreen.storyboard */ = {
			isa = PBXVariantGroup;
			children = (
				763D83042965635400BFAB63 /* Base */,
			);
			name = LaunchScreen.storyboard;
			sourceTree = "<group>";
		};
/* End PBXVariantGroup section */

/* Begin XCBuildConfiguration section */
		763D83072965635400BFAB63 /* Debug */ = {
			isa = XCBuildConfiguration;
			buildSettings = {
				ALWAYS_SEARCH_USER_PATHS = NO;
				CLANG_ANALYZER_NONNULL = YES;
				CLANG_ANALYZER_NUMBER_OBJECT_CONVERSION = YES_AGGRESSIVE;
				CLANG_CXX_LANGUAGE_STANDARD = "gnu++17";
				CLANG_CXX_LIBRARY = "libc++";
				CLANG_ENABLE_MODULES = YES;
				CLANG_ENABLE_OBJC_ARC = YES;
				CLANG_ENABLE_OBJC_WEAK = YES;
				CLANG_WARN_BLOCK_CAPTURE_AUTORELEASING = YES;
				CLANG_WARN_BOOL_CONVERSION = YES;
				CLANG_WARN_COMMA = YES;
				CLANG_WARN_CONSTANT_CONVERSION = YES;
				CLANG_WARN_DEPRECATED_OBJC_IMPLEMENTATIONS = YES;
				CLANG_WARN_DIRECT_OBJC_ISA_USAGE = YES_ERROR;
				CLANG_WARN_DOCUMENTATION_COMMENTS = YES;
				CLANG_WARN_EMPTY_BODY = YES;
				CLANG_WARN_ENUM_CONVERSION = YES;
				CLANG_WARN_INFINITE_RECURSION = YES;
				CLANG_WARN_INT_CONVERSION = YES;
				CLANG_WARN_NON_LITERAL_NULL_CONVERSION = YES;
				CLANG_WARN_OBJC_IMPLICIT_RETAIN_SELF = YES;
				CLANG_WARN_OBJC_LITERAL_CONVERSION = YES;
				CLANG_WARN_OBJC_ROOT_CLASS = YES_ERROR;
				CLANG_WARN_QUOTED_INCLUDE_IN_FRAMEWORK_HEADER = YES;
				CLANG_WARN_RANGE_LOOP_ANALYSIS = YES;
				CLANG_WARN_STRICT_PROTOTYPES = YES;
				CLANG_WARN_SUSPICIOUS_MOVE = YES;
				CLANG_WARN_UNGUARDED_AVAILABILITY = YES_AGGRESSIVE;
				CLANG_WARN_UNREACHABLE_CODE = YES;
				CLANG_WARN__DUPLICATE_METHOD_MATCH = YES;
				COPY_PHASE_STRIP = NO;
				DEBUG_INFORMATION_FORMAT = dwarf;
				ENABLE_STRICT_OBJC_MSGSEND = YES;
				ENABLE_TESTABILITY = YES;
				GCC_C_LANGUAGE_STANDARD = gnu11;
				GCC_DYNAMIC_NO_PIC = NO;
				GCC_NO_COMMON_BLOCKS = YES;
				GCC_OPTIMIZATION_LEVEL = 0;
				GCC_PREPROCESSOR_DEFINITIONS = (
					"DEBUG=1",
					"$(inherited)",
				);
				GCC_WARN_64_TO_32_BIT_CONVERSION = YES;
				GCC_WARN_ABOUT_RETURN_TYPE = YES_ERROR;
				GCC_WARN_UNDECLARED_SELECTOR = YES;
				GCC_WARN_UNINITIALIZED_AUTOS = YES_AGGRESSIVE;
				GCC_WARN_UNUSED_FUNCTION = YES;
				GCC_WARN_UNUSED_VARIABLE = YES;
				IPHONEOS_DEPLOYMENT_TARGET = 14.0;
				MTL_ENABLE_DEBUG_INFO = INCLUDE_SOURCE;
				MTL_FAST_MATH = YES;
				ONLY_ACTIVE_ARCH = YES;
				SDKROOT = iphoneos;
				SWIFT_ACTIVE_COMPILATION_CONDITIONS = DEBUG;
				SWIFT_OPTIMIZATION_LEVEL = "-Onone";
			};
			name = Debug;
		};
		763D83082965635400BFAB63 /* Release */ = {
			isa = XCBuildConfiguration;
			buildSettings = {
				ALWAYS_SEARCH_USER_PATHS = NO;
				CLANG_ANALYZER_NONNULL = YES;
				CLANG_ANALYZER_NUMBER_OBJECT_CONVERSION = YES_AGGRESSIVE;
				CLANG_CXX_LANGUAGE_STANDARD = "gnu++17";
				CLANG_CXX_LIBRARY = "libc++";
				CLANG_ENABLE_MODULES = YES;
				CLANG_ENABLE_OBJC_ARC = YES;
				CLANG_ENABLE_OBJC_WEAK = YES;
				CLANG_WARN_BLOCK_CAPTURE_AUTORELEASING = YES;
				CLANG_WARN_BOOL_CONVERSION = YES;
				CLANG_WARN_COMMA = YES;
				CLANG_WARN_CONSTANT_CONVERSION = YES;
				CLANG_WARN_DEPRECATED_OBJC_IMPLEMENTATIONS = YES;
				CLANG_WARN_DIRECT_OBJC_ISA_USAGE = YES_ERROR;
				CLANG_WARN_DOCUMENTATION_COMMENTS = YES;
				CLANG_WARN_EMPTY_BODY = YES;
				CLANG_WARN_ENUM_CONVERSION = YES;
				CLANG_WARN_INFINITE_RECURSION = YES;
				CLANG_WARN_INT_CONVERSION = YES;
				CLANG_WARN_NON_LITERAL_NULL_CONVERSION = YES;
				CLANG_WARN_OBJC_IMPLICIT_RETAIN_SELF = YES;
				CLANG_WARN_OBJC_LITERAL_CONVERSION = YES;
				CLANG_WARN_OBJC_ROOT_CLASS = YES_ERROR;
				CLANG_WARN_QUOTED_INCLUDE_IN_FRAMEWORK_HEADER = YES;
				CLANG_WARN_RANGE_LOOP_ANALYSIS = YES;
				CLANG_WARN_STRICT_PROTOTYPES = YES;
				CLANG_WARN_SUSPICIOUS_MOVE = YES;
				CLANG_WARN_UNGUARDED_AVAILABILITY = YES_AGGRESSIVE;
				CLANG_WARN_UNREACHABLE_CODE = YES;
				CLANG_WARN__DUPLICATE_METHOD_MATCH = YES;
				COPY_PHASE_STRIP = NO;
				DEBUG_INFORMATION_FORMAT = "dwarf-with-dsym";
				ENABLE_NS_ASSERTIONS = NO;
				ENABLE_STRICT_OBJC_MSGSEND = YES;
				GCC_C_LANGUAGE_STANDARD = gnu11;
				GCC_NO_COMMON_BLOCKS = YES;
				GCC_WARN_64_TO_32_BIT_CONVERSION = YES;
				GCC_WARN_ABOUT_RETURN_TYPE = YES_ERROR;
				GCC_WARN_UNDECLARED_SELECTOR = YES;
				GCC_WARN_UNINITIALIZED_AUTOS = YES_AGGRESSIVE;
				GCC_WARN_UNUSED_FUNCTION = YES;
				GCC_WARN_UNUSED_VARIABLE = YES;
				IPHONEOS_DEPLOYMENT_TARGET = 14.0;
				MTL_ENABLE_DEBUG_INFO = NO;
				MTL_FAST_MATH = YES;
				SDKROOT = iphoneos;
				SWIFT_COMPILATION_MODE = wholemodule;
				SWIFT_OPTIMIZATION_LEVEL = "-O";
				VALIDATE_PRODUCT = YES;
			};
			name = Release;
		};
		763D830A2965635400BFAB63 /* Debug */ = {
			isa = XCBuildConfiguration;
			baseConfigurationReference = BBFB2BF69AC6F8A0C74FDDDC /* Pods-WherEat.debug.xcconfig */;
			buildSettings = {
				ASSETCATALOG_COMPILER_APPICON_NAME = AppIcon;
				ASSETCATALOG_COMPILER_GLOBAL_ACCENT_COLOR_NAME = AccentColor;
				CODE_SIGN_STYLE = Automatic;
				CURRENT_PROJECT_VERSION = 1;
				DEVELOPMENT_TEAM = 79S6KX6T67;
				ENABLE_BITCODE = NO;
				GENERATE_INFOPLIST_FILE = YES;
				INFOPLIST_FILE = WherEat/Info.plist;
				INFOPLIST_KEY_NSLocationAlwaysAndWhenInUseUsageDescription = "是否同意取用位置資訊，來協助程式導航功能";
				INFOPLIST_KEY_NSLocationWhenInUseUsageDescription = "是否同意取用位置資訊，來協助程式導航功能";
				INFOPLIST_KEY_UIApplicationSupportsIndirectInputEvents = YES;
				INFOPLIST_KEY_UILaunchStoryboardName = LaunchScreen;
				INFOPLIST_KEY_UIMainStoryboardFile = Main;
				INFOPLIST_KEY_UISupportedInterfaceOrientations = UIInterfaceOrientationPortrait;
				INFOPLIST_KEY_UISupportedInterfaceOrientations_iPad = "UIInterfaceOrientationLandscapeLeft UIInterfaceOrientationLandscapeRight UIInterfaceOrientationPortraitUpsideDown";
				IPHONEOS_DEPLOYMENT_TARGET = 14.0;
				LD_RUNPATH_SEARCH_PATHS = (
					"$(inherited)",
					"@executable_path/Frameworks",
				);
				MARKETING_VERSION = 1.0.1;
				PRODUCT_BUNDLE_IDENTIFIER = Mrpig.WherEat;
				PRODUCT_NAME = "$(TARGET_NAME)";
				SUPPORTED_PLATFORMS = "iphoneos iphonesimulator";
				SUPPORTS_MACCATALYST = NO;
				SUPPORTS_MAC_DESIGNED_FOR_IPHONE_IPAD = NO;
				SWIFT_EMIT_LOC_STRINGS = YES;
				SWIFT_VERSION = 5.0;
				TARGETED_DEVICE_FAMILY = 1;
			};
			name = Debug;
		};
		763D830B2965635400BFAB63 /* Release */ = {
			isa = XCBuildConfiguration;
			baseConfigurationReference = 76FC5DC1EF30475FBF1EBBA8 /* Pods-WherEat.release.xcconfig */;
			buildSettings = {
				ASSETCATALOG_COMPILER_APPICON_NAME = AppIcon;
				ASSETCATALOG_COMPILER_GLOBAL_ACCENT_COLOR_NAME = AccentColor;
				CODE_SIGN_STYLE = Automatic;
				CURRENT_PROJECT_VERSION = 1;
				DEVELOPMENT_TEAM = 79S6KX6T67;
				ENABLE_BITCODE = NO;
				GENERATE_INFOPLIST_FILE = YES;
				INFOPLIST_FILE = WherEat/Info.plist;
				INFOPLIST_KEY_NSLocationAlwaysAndWhenInUseUsageDescription = "是否同意取用位置資訊，來協助程式導航功能";
				INFOPLIST_KEY_NSLocationWhenInUseUsageDescription = "是否同意取用位置資訊，來協助程式導航功能";
				INFOPLIST_KEY_UIApplicationSupportsIndirectInputEvents = YES;
				INFOPLIST_KEY_UILaunchStoryboardName = LaunchScreen;
				INFOPLIST_KEY_UIMainStoryboardFile = Main;
				INFOPLIST_KEY_UISupportedInterfaceOrientations = UIInterfaceOrientationPortrait;
				INFOPLIST_KEY_UISupportedInterfaceOrientations_iPad = "UIInterfaceOrientationLandscapeLeft UIInterfaceOrientationLandscapeRight UIInterfaceOrientationPortraitUpsideDown";
				IPHONEOS_DEPLOYMENT_TARGET = 14.0;
				LD_RUNPATH_SEARCH_PATHS = (
					"$(inherited)",
					"@executable_path/Frameworks",
				);
				MARKETING_VERSION = 1.0.1;
				PRODUCT_BUNDLE_IDENTIFIER = Mrpig.WherEat;
				PRODUCT_NAME = "$(TARGET_NAME)";
				SUPPORTED_PLATFORMS = "iphoneos iphonesimulator";
				SUPPORTS_MACCATALYST = NO;
				SUPPORTS_MAC_DESIGNED_FOR_IPHONE_IPAD = NO;
				SWIFT_EMIT_LOC_STRINGS = YES;
				SWIFT_VERSION = 5.0;
				TARGETED_DEVICE_FAMILY = 1;
			};
			name = Release;
		};
/* End XCBuildConfiguration section */

/* Begin XCConfigurationList section */
		763D82F02965635200BFAB63 /* Build configuration list for PBXProject "WherEat" */ = {
			isa = XCConfigurationList;
			buildConfigurations = (
				763D83072965635400BFAB63 /* Debug */,
				763D83082965635400BFAB63 /* Release */,
			);
			defaultConfigurationIsVisible = 0;
			defaultConfigurationName = Release;
		};
		763D83092965635400BFAB63 /* Build configuration list for PBXNativeTarget "WherEat" */ = {
			isa = XCConfigurationList;
			buildConfigurations = (
				763D830A2965635400BFAB63 /* Debug */,
				763D830B2965635400BFAB63 /* Release */,
			);
			defaultConfigurationIsVisible = 0;
			defaultConfigurationName = Release;
		};
/* End XCConfigurationList section */
	};
	rootObject = 763D82ED2965635200BFAB63 /* Project object */;
}
